// !$*UTF8*$!
{
	archiveVersion = 1;
	classes = {
	};
	objectVersion = 55;
	objects = {

/* Begin PBXBuildFile section */
		F42578C32738AAA600855D48 /* HomeTableViewCell.swift in Sources */ = {isa = PBXBuildFile; fileRef = F42578C22738AAA600855D48 /* HomeTableViewCell.swift */; };
		F42578C52738AD6700855D48 /* HomeCollectionViewCell.swift in Sources */ = {isa = PBXBuildFile; fileRef = F42578C42738AD6700855D48 /* HomeCollectionViewCell.swift */; };
		F438771E27336DC40071B282 /* Zip in Frameworks */ = {isa = PBXBuildFile; productRef = F438771D27336DC40071B282 /* Zip */; };
		F43877202733F4BF0071B282 /* Detail.storyboard in Resources */ = {isa = PBXBuildFile; fileRef = F438771F2733F4BF0071B282 /* Detail.storyboard */; };
		F43877222733F56A0071B282 /* DetailViewController.swift in Sources */ = {isa = PBXBuildFile; fileRef = F43877212733F56A0071B282 /* DetailViewController.swift */; };
		F43877322734ADAC0071B282 /* FSCalendar in Frameworks */ = {isa = PBXBuildFile; productRef = F43877312734ADAC0071B282 /* FSCalendar */; };
		F43877342734B5460071B282 /* DatePickerViewController.swift in Sources */ = {isa = PBXBuildFile; fileRef = F43877332734B5460071B282 /* DatePickerViewController.swift */; };
		F43877362734CE7F0071B282 /* RealmQuery.swift in Sources */ = {isa = PBXBuildFile; fileRef = F43877352734CE7F0071B282 /* RealmQuery.swift */; };
		F43877382734D0380071B282 /* Date+Extension.swift in Sources */ = {isa = PBXBuildFile; fileRef = F43877372734D0380071B282 /* Date+Extension.swift */; };
		F487B8892730C8CC004DD553 /* Realm in Frameworks */ = {isa = PBXBuildFile; productRef = F487B8882730C8CC004DD553 /* Realm */; };
		F487B88B2730C8CC004DD553 /* RealmSwift in Frameworks */ = {isa = PBXBuildFile; productRef = F487B88A2730C8CC004DD553 /* RealmSwift */; };
		F487B88E2730C976004DD553 /* RealmModel.swift in Sources */ = {isa = PBXBuildFile; fileRef = F487B88D2730C976004DD553 /* RealmModel.swift */; };
		F48A2B38272FBC340015FDDF /* AppDelegate.swift in Sources */ = {isa = PBXBuildFile; fileRef = F48A2B37272FBC340015FDDF /* AppDelegate.swift */; };
		F48A2B3A272FBC340015FDDF /* SceneDelegate.swift in Sources */ = {isa = PBXBuildFile; fileRef = F48A2B39272FBC340015FDDF /* SceneDelegate.swift */; };
		F48A2B3C272FBC340015FDDF /* ViewController.swift in Sources */ = {isa = PBXBuildFile; fileRef = F48A2B3B272FBC340015FDDF /* ViewController.swift */; };
		F48A2B3F272FBC340015FDDF /* Main.storyboard in Resources */ = {isa = PBXBuildFile; fileRef = F48A2B3D272FBC340015FDDF /* Main.storyboard */; };
		F48A2B41272FBC360015FDDF /* Assets.xcassets in Resources */ = {isa = PBXBuildFile; fileRef = F48A2B40272FBC360015FDDF /* Assets.xcassets */; };
		F48A2B44272FBC360015FDDF /* LaunchScreen.storyboard in Resources */ = {isa = PBXBuildFile; fileRef = F48A2B42272FBC360015FDDF /* LaunchScreen.storyboard */; };
		F48A2B4C272FBC510015FDDF /* Home.storyboard in Resources */ = {isa = PBXBuildFile; fileRef = F48A2B4B272FBC510015FDDF /* Home.storyboard */; };
		F48A2B4E272FBC600015FDDF /* Content.storyboard in Resources */ = {isa = PBXBuildFile; fileRef = F48A2B4D272FBC600015FDDF /* Content.storyboard */; };
		F48A2B50272FBC6E0015FDDF /* Calendar.storyboard in Resources */ = {isa = PBXBuildFile; fileRef = F48A2B4F272FBC6E0015FDDF /* Calendar.storyboard */; };
		F48A2B52272FBC780015FDDF /* Search.storyboard in Resources */ = {isa = PBXBuildFile; fileRef = F48A2B51272FBC780015FDDF /* Search.storyboard */; };
		F48A2B54272FBC860015FDDF /* Setting.storyboard in Resources */ = {isa = PBXBuildFile; fileRef = F48A2B53272FBC860015FDDF /* Setting.storyboard */; };
		F48A2B56272FC5B30015FDDF /* HomeViewController.swift in Sources */ = {isa = PBXBuildFile; fileRef = F48A2B55272FC5B30015FDDF /* HomeViewController.swift */; };
		F48A2B58272FC5F20015FDDF /* AddViewController.swift in Sources */ = {isa = PBXBuildFile; fileRef = F48A2B57272FC5F20015FDDF /* AddViewController.swift */; };
		F48A2B5A272FC6260015FDDF /* SearchViewController.swift in Sources */ = {isa = PBXBuildFile; fileRef = F48A2B59272FC6260015FDDF /* SearchViewController.swift */; };
		F48A2B5D272FCCB30015FDDF /* SearchTableViewCell.swift in Sources */ = {isa = PBXBuildFile; fileRef = F48A2B5B272FCCB30015FDDF /* SearchTableViewCell.swift */; };
		F48A2B5E272FCCB30015FDDF /* SearchTableViewCell.xib in Resources */ = {isa = PBXBuildFile; fileRef = F48A2B5C272FCCB30015FDDF /* SearchTableViewCell.xib */; };
		F48A2B61272FE0760015FDDF /* RIDIBatang.otf in Resources */ = {isa = PBXBuildFile; fileRef = F48A2B60272FE0760015FDDF /* RIDIBatang.otf */; };
		F48A2B64272FE0CE0015FDDF /* UIFont+Extension.swift in Sources */ = {isa = PBXBuildFile; fileRef = F48A2B63272FE0CE0015FDDF /* UIFont+Extension.swift */; };
		F48A2B6B272FEB180015FDDF /* Localizable.strings in Resources */ = {isa = PBXBuildFile; fileRef = F48A2B6D272FEB180015FDDF /* Localizable.strings */; };
		F48A2B70272FEF880015FDDF /* GuriDiary.ttf in Resources */ = {isa = PBXBuildFile; fileRef = F48A2B6F272FEF880015FDDF /* GuriDiary.ttf */; };
		F48A2B72273017F10015FDDF /* LocalizableStrings.swift in Sources */ = {isa = PBXBuildFile; fileRef = F48A2B71273017F10015FDDF /* LocalizableStrings.swift */; };
		F48A2B74273018300015FDDF /* String+Extension.swift in Sources */ = {isa = PBXBuildFile; fileRef = F48A2B73273018300015FDDF /* String+Extension.swift */; };
		F48A2B77273018EF0015FDDF /* InfoPlist.strings in Resources */ = {isa = PBXBuildFile; fileRef = F48A2B79273018EF0015FDDF /* InfoPlist.strings */; };
		F48A2B7E273020260015FDDF /* CalendarViewController.swift in Sources */ = {isa = PBXBuildFile; fileRef = F48A2B7D273020260015FDDF /* CalendarViewController.swift */; };
		F48A2B802730226E0015FDDF /* SettingViewController.swift in Sources */ = {isa = PBXBuildFile; fileRef = F48A2B7F2730226E0015FDDF /* SettingViewController.swift */; };
/* End PBXBuildFile section */

/* Begin PBXFileReference section */
		F42578C22738AAA600855D48 /* HomeTableViewCell.swift */ = {isa = PBXFileReference; lastKnownFileType = sourcecode.swift; path = HomeTableViewCell.swift; sourceTree = "<group>"; };
		F42578C42738AD6700855D48 /* HomeCollectionViewCell.swift */ = {isa = PBXFileReference; lastKnownFileType = sourcecode.swift; path = HomeCollectionViewCell.swift; sourceTree = "<group>"; };
		F438771F2733F4BF0071B282 /* Detail.storyboard */ = {isa = PBXFileReference; lastKnownFileType = file.storyboard; path = Detail.storyboard; sourceTree = "<group>"; };
		F43877212733F56A0071B282 /* DetailViewController.swift */ = {isa = PBXFileReference; lastKnownFileType = sourcecode.swift; path = DetailViewController.swift; sourceTree = "<group>"; };
		F43877332734B5460071B282 /* DatePickerViewController.swift */ = {isa = PBXFileReference; lastKnownFileType = sourcecode.swift; path = DatePickerViewController.swift; sourceTree = "<group>"; };
		F43877352734CE7F0071B282 /* RealmQuery.swift */ = {isa = PBXFileReference; lastKnownFileType = sourcecode.swift; path = RealmQuery.swift; sourceTree = "<group>"; };
		F43877372734D0380071B282 /* Date+Extension.swift */ = {isa = PBXFileReference; lastKnownFileType = sourcecode.swift; path = "Date+Extension.swift"; sourceTree = "<group>"; };
		F487B88D2730C976004DD553 /* RealmModel.swift */ = {isa = PBXFileReference; lastKnownFileType = sourcecode.swift; path = RealmModel.swift; sourceTree = "<group>"; };
		F48A2B34272FBC340015FDDF /* SSAC6WeekProject.app */ = {isa = PBXFileReference; explicitFileType = wrapper.application; includeInIndex = 0; path = SSAC6WeekProject.app; sourceTree = BUILT_PRODUCTS_DIR; };
		F48A2B37272FBC340015FDDF /* AppDelegate.swift */ = {isa = PBXFileReference; lastKnownFileType = sourcecode.swift; path = AppDelegate.swift; sourceTree = "<group>"; };
		F48A2B39272FBC340015FDDF /* SceneDelegate.swift */ = {isa = PBXFileReference; lastKnownFileType = sourcecode.swift; path = SceneDelegate.swift; sourceTree = "<group>"; };
		F48A2B3B272FBC340015FDDF /* ViewController.swift */ = {isa = PBXFileReference; lastKnownFileType = sourcecode.swift; path = ViewController.swift; sourceTree = "<group>"; };
		F48A2B3E272FBC340015FDDF /* Base */ = {isa = PBXFileReference; lastKnownFileType = file.storyboard; name = Base; path = Base.lproj/Main.storyboard; sourceTree = "<group>"; };
		F48A2B40272FBC360015FDDF /* Assets.xcassets */ = {isa = PBXFileReference; lastKnownFileType = folder.assetcatalog; path = Assets.xcassets; sourceTree = "<group>"; };
		F48A2B43272FBC360015FDDF /* Base */ = {isa = PBXFileReference; lastKnownFileType = file.storyboard; name = Base; path = Base.lproj/LaunchScreen.storyboard; sourceTree = "<group>"; };
		F48A2B45272FBC360015FDDF /* Info.plist */ = {isa = PBXFileReference; lastKnownFileType = text.plist.xml; path = Info.plist; sourceTree = "<group>"; };
		F48A2B4B272FBC510015FDDF /* Home.storyboard */ = {isa = PBXFileReference; lastKnownFileType = file.storyboard; path = Home.storyboard; sourceTree = "<group>"; };
		F48A2B4D272FBC600015FDDF /* Content.storyboard */ = {isa = PBXFileReference; lastKnownFileType = file.storyboard; path = Content.storyboard; sourceTree = "<group>"; };
		F48A2B4F272FBC6E0015FDDF /* Calendar.storyboard */ = {isa = PBXFileReference; lastKnownFileType = file.storyboard; path = Calendar.storyboard; sourceTree = "<group>"; };
		F48A2B51272FBC780015FDDF /* Search.storyboard */ = {isa = PBXFileReference; lastKnownFileType = file.storyboard; path = Search.storyboard; sourceTree = "<group>"; };
		F48A2B53272FBC860015FDDF /* Setting.storyboard */ = {isa = PBXFileReference; lastKnownFileType = file.storyboard; path = Setting.storyboard; sourceTree = "<group>"; };
		F48A2B55272FC5B30015FDDF /* HomeViewController.swift */ = {isa = PBXFileReference; lastKnownFileType = sourcecode.swift; path = HomeViewController.swift; sourceTree = "<group>"; };
		F48A2B57272FC5F20015FDDF /* AddViewController.swift */ = {isa = PBXFileReference; lastKnownFileType = sourcecode.swift; path = AddViewController.swift; sourceTree = "<group>"; };
		F48A2B59272FC6260015FDDF /* SearchViewController.swift */ = {isa = PBXFileReference; lastKnownFileType = sourcecode.swift; path = SearchViewController.swift; sourceTree = "<group>"; };
		F48A2B5B272FCCB30015FDDF /* SearchTableViewCell.swift */ = {isa = PBXFileReference; lastKnownFileType = sourcecode.swift; path = SearchTableViewCell.swift; sourceTree = "<group>"; };
		F48A2B5C272FCCB30015FDDF /* SearchTableViewCell.xib */ = {isa = PBXFileReference; lastKnownFileType = file.xib; path = SearchTableViewCell.xib; sourceTree = "<group>"; };
		F48A2B60272FE0760015FDDF /* RIDIBatang.otf */ = {isa = PBXFileReference; lastKnownFileType = file; path = RIDIBatang.otf; sourceTree = "<group>"; };
		F48A2B63272FE0CE0015FDDF /* UIFont+Extension.swift */ = {isa = PBXFileReference; lastKnownFileType = sourcecode.swift; path = "UIFont+Extension.swift"; sourceTree = "<group>"; };
		F48A2B67272FE3440015FDDF /* ko */ = {isa = PBXFileReference; lastKnownFileType = text.plist.strings; name = ko; path = ko.lproj/Main.strings; sourceTree = "<group>"; };
		F48A2B68272FE3440015FDDF /* ko */ = {isa = PBXFileReference; lastKnownFileType = text.plist.strings; name = ko; path = ko.lproj/LaunchScreen.strings; sourceTree = "<group>"; };
		F48A2B6C272FEB180015FDDF /* en */ = {isa = PBXFileReference; lastKnownFileType = text.plist.strings; name = en; path = en.lproj/Localizable.strings; sourceTree = "<group>"; };
		F48A2B6E272FEB1A0015FDDF /* ko */ = {isa = PBXFileReference; lastKnownFileType = text.plist.strings; name = ko; path = ko.lproj/Localizable.strings; sourceTree = "<group>"; };
		F48A2B6F272FEF880015FDDF /* GuriDiary.ttf */ = {isa = PBXFileReference; lastKnownFileType = file; path = GuriDiary.ttf; sourceTree = "<group>"; };
		F48A2B71273017F10015FDDF /* LocalizableStrings.swift */ = {isa = PBXFileReference; lastKnownFileType = sourcecode.swift; path = LocalizableStrings.swift; sourceTree = "<group>"; };
		F48A2B73273018300015FDDF /* String+Extension.swift */ = {isa = PBXFileReference; lastKnownFileType = sourcecode.swift; path = "String+Extension.swift"; sourceTree = "<group>"; };
		F48A2B78273018EF0015FDDF /* en */ = {isa = PBXFileReference; lastKnownFileType = text.plist.strings; name = en; path = en.lproj/InfoPlist.strings; sourceTree = "<group>"; };
		F48A2B7A273018F10015FDDF /* ko */ = {isa = PBXFileReference; lastKnownFileType = text.plist.strings; name = ko; path = ko.lproj/InfoPlist.strings; sourceTree = "<group>"; };
		F48A2B7D273020260015FDDF /* CalendarViewController.swift */ = {isa = PBXFileReference; lastKnownFileType = sourcecode.swift; path = CalendarViewController.swift; sourceTree = "<group>"; };
		F48A2B7F2730226E0015FDDF /* SettingViewController.swift */ = {isa = PBXFileReference; lastKnownFileType = sourcecode.swift; path = SettingViewController.swift; sourceTree = "<group>"; };
/* End PBXFileReference section */

/* Begin PBXFrameworksBuildPhase section */
		F48A2B31272FBC340015FDDF /* Frameworks */ = {
			isa = PBXFrameworksBuildPhase;
			buildActionMask = 2147483647;
			files = (
				F438771E27336DC40071B282 /* Zip in Frameworks */,
				F43877322734ADAC0071B282 /* FSCalendar in Frameworks */,
				F487B88B2730C8CC004DD553 /* RealmSwift in Frameworks */,
				F487B8892730C8CC004DD553 /* Realm in Frameworks */,
			);
			runOnlyForDeploymentPostprocessing = 0;
		};
/* End PBXFrameworksBuildPhase section */

/* Begin PBXGroup section */
		F487B8852730B97B004DD553 /* ViewController */ = {
			isa = PBXGroup;
			children = (
				F48A2B3B272FBC340015FDDF /* ViewController.swift */,
				F48A2B55272FC5B30015FDDF /* HomeViewController.swift */,
				F48A2B7D273020260015FDDF /* CalendarViewController.swift */,
				F48A2B5B272FCCB30015FDDF /* SearchTableViewCell.swift */,
				F42578C22738AAA600855D48 /* HomeTableViewCell.swift */,
				F42578C42738AD6700855D48 /* HomeCollectionViewCell.swift */,
				F48A2B59272FC6260015FDDF /* SearchViewController.swift */,
				F43877212733F56A0071B282 /* DetailViewController.swift */,
				F48A2B57272FC5F20015FDDF /* AddViewController.swift */,
				F43877332734B5460071B282 /* DatePickerViewController.swift */,
				F48A2B7F2730226E0015FDDF /* SettingViewController.swift */,
			);
			path = ViewController;
			sourceTree = "<group>";
		};
		F487B8862730B9E7004DD553 /* Storyboard */ = {
			isa = PBXGroup;
			children = (
				F48A2B3D272FBC340015FDDF /* Main.storyboard */,
				F48A2B4B272FBC510015FDDF /* Home.storyboard */,
				F438771F2733F4BF0071B282 /* Detail.storyboard */,
				F48A2B4D272FBC600015FDDF /* Content.storyboard */,
				F48A2B4F272FBC6E0015FDDF /* Calendar.storyboard */,
				F48A2B5C272FCCB30015FDDF /* SearchTableViewCell.xib */,
				F48A2B51272FBC780015FDDF /* Search.storyboard */,
				F48A2B53272FBC860015FDDF /* Setting.storyboard */,
			);
			path = Storyboard;
			sourceTree = "<group>";
		};
		F487B88C2730C95D004DD553 /* Realm */ = {
			isa = PBXGroup;
			children = (
				F487B88D2730C976004DD553 /* RealmModel.swift */,
				F43877352734CE7F0071B282 /* RealmQuery.swift */,
			);
			path = Realm;
			sourceTree = "<group>";
		};
		F48A2B2B272FBC340015FDDF = {
			isa = PBXGroup;
			children = (
				F48A2B36272FBC340015FDDF /* SSAC6WeekProject */,
				F48A2B35272FBC340015FDDF /* Products */,
			);
			sourceTree = "<group>";
		};
		F48A2B35272FBC340015FDDF /* Products */ = {
			isa = PBXGroup;
			children = (
				F48A2B34272FBC340015FDDF /* SSAC6WeekProject.app */,
			);
			name = Products;
			sourceTree = "<group>";
		};
		F48A2B36272FBC340015FDDF /* SSAC6WeekProject */ = {
			isa = PBXGroup;
			children = (
				F48A2B37272FBC340015FDDF /* AppDelegate.swift */,
				F48A2B39272FBC340015FDDF /* SceneDelegate.swift */,
				F487B8852730B97B004DD553 /* ViewController */,
				F48A2B62272FE0A40015FDDF /* Extension */,
				F487B8862730B9E7004DD553 /* Storyboard */,
				F48A2B71273017F10015FDDF /* LocalizableStrings.swift */,
				F48A2B40272FBC360015FDDF /* Assets.xcassets */,
				F48A2B42272FBC360015FDDF /* LaunchScreen.storyboard */,
				F48A2B45272FBC360015FDDF /* Info.plist */,
				F48A2B66272FE2F40015FDDF /* Localization */,
				F487B88C2730C95D004DD553 /* Realm */,
				F48A2B5F272FDFDB0015FDDF /* Resource */,
			);
			path = SSAC6WeekProject;
			sourceTree = "<group>";
		};
		F48A2B5F272FDFDB0015FDDF /* Resource */ = {
			isa = PBXGroup;
			children = (
				F48A2B60272FE0760015FDDF /* RIDIBatang.otf */,
				F48A2B6F272FEF880015FDDF /* GuriDiary.ttf */,
			);
			path = Resource;
			sourceTree = "<group>";
		};
		F48A2B62272FE0A40015FDDF /* Extension */ = {
			isa = PBXGroup;
			children = (
				F48A2B63272FE0CE0015FDDF /* UIFont+Extension.swift */,
				F48A2B73273018300015FDDF /* String+Extension.swift */,
				F43877372734D0380071B282 /* Date+Extension.swift */,
			);
			path = Extension;
			sourceTree = "<group>";
		};
		F48A2B66272FE2F40015FDDF /* Localization */ = {
			isa = PBXGroup;
			children = (
				F48A2B6D272FEB180015FDDF /* Localizable.strings */,
				F48A2B79273018EF0015FDDF /* InfoPlist.strings */,
			);
			path = Localization;
			sourceTree = "<group>";
		};
/* End PBXGroup section */

/* Begin PBXNativeTarget section */
		F48A2B33272FBC340015FDDF /* SSAC6WeekProject */ = {
			isa = PBXNativeTarget;
			buildConfigurationList = F48A2B48272FBC360015FDDF /* Build configuration list for PBXNativeTarget "SSAC6WeekProject" */;
			buildPhases = (
				F48A2B30272FBC340015FDDF /* Sources */,
				F48A2B31272FBC340015FDDF /* Frameworks */,
				F48A2B32272FBC340015FDDF /* Resources */,
			);
			buildRules = (
			);
			dependencies = (
			);
			name = SSAC6WeekProject;
			packageProductDependencies = (
				F487B8882730C8CC004DD553 /* Realm */,
				F487B88A2730C8CC004DD553 /* RealmSwift */,
				F438771D27336DC40071B282 /* Zip */,
				F43877312734ADAC0071B282 /* FSCalendar */,
			);
			productName = SSAC6WeekProject;
			productReference = F48A2B34272FBC340015FDDF /* SSAC6WeekProject.app */;
			productType = "com.apple.product-type.application";
		};
/* End PBXNativeTarget section */

/* Begin PBXProject section */
		F48A2B2C272FBC340015FDDF /* Project object */ = {
			isa = PBXProject;
			attributes = {
				BuildIndependentTargetsInParallel = 1;
				LastSwiftUpdateCheck = 1300;
				LastUpgradeCheck = 1300;
				TargetAttributes = {
					F48A2B33272FBC340015FDDF = {
						CreatedOnToolsVersion = 13.0;
					};
				};
			};
			buildConfigurationList = F48A2B2F272FBC340015FDDF /* Build configuration list for PBXProject "SSAC6WeekProject" */;
			compatibilityVersion = "Xcode 13.0";
			developmentRegion = en;
			hasScannedForEncodings = 0;
			knownRegions = (
				en,
				Base,
				ko,
			);
			mainGroup = F48A2B2B272FBC340015FDDF;
			packageReferences = (
				F487B8872730C8CC004DD553 /* XCRemoteSwiftPackageReference "realm-cocoa" */,
				F438771C27336DC40071B282 /* XCRemoteSwiftPackageReference "Zip" */,
				F43877302734ADAC0071B282 /* XCRemoteSwiftPackageReference "FSCalendar" */,
			);
			productRefGroup = F48A2B35272FBC340015FDDF /* Products */;
			projectDirPath = "";
			projectRoot = "";
			targets = (
				F48A2B33272FBC340015FDDF /* SSAC6WeekProject */,
			);
		};
/* End PBXProject section */

/* Begin PBXResourcesBuildPhase section */
		F48A2B32272FBC340015FDDF /* Resources */ = {
			isa = PBXResourcesBuildPhase;
			buildActionMask = 2147483647;
			files = (
				F48A2B50272FBC6E0015FDDF /* Calendar.storyboard in Resources */,
				F48A2B70272FEF880015FDDF /* GuriDiary.ttf in Resources */,
				F48A2B44272FBC360015FDDF /* LaunchScreen.storyboard in Resources */,
				F48A2B77273018EF0015FDDF /* InfoPlist.strings in Resources */,
				F48A2B6B272FEB180015FDDF /* Localizable.strings in Resources */,
				F48A2B5E272FCCB30015FDDF /* SearchTableViewCell.xib in Resources */,
				F48A2B41272FBC360015FDDF /* Assets.xcassets in Resources */,
				F48A2B3F272FBC340015FDDF /* Main.storyboard in Resources */,
				F48A2B52272FBC780015FDDF /* Search.storyboard in Resources */,
				F48A2B4C272FBC510015FDDF /* Home.storyboard in Resources */,
				F48A2B4E272FBC600015FDDF /* Content.storyboard in Resources */,
				F43877202733F4BF0071B282 /* Detail.storyboard in Resources */,
				F48A2B61272FE0760015FDDF /* RIDIBatang.otf in Resources */,
				F48A2B54272FBC860015FDDF /* Setting.storyboard in Resources */,
			);
			runOnlyForDeploymentPostprocessing = 0;
		};
/* End PBXResourcesBuildPhase section */

/* Begin PBXSourcesBuildPhase section */
		F48A2B30272FBC340015FDDF /* Sources */ = {
			isa = PBXSourcesBuildPhase;
			buildActionMask = 2147483647;
			files = (
				F48A2B5A272FC6260015FDDF /* SearchViewController.swift in Sources */,
				F48A2B7E273020260015FDDF /* CalendarViewController.swift in Sources */,
				F43877362734CE7F0071B282 /* RealmQuery.swift in Sources */,
				F42578C52738AD6700855D48 /* HomeCollectionViewCell.swift in Sources */,
				F48A2B58272FC5F20015FDDF /* AddViewController.swift in Sources */,
				F48A2B3C272FBC340015FDDF /* ViewController.swift in Sources */,
				F48A2B38272FBC340015FDDF /* AppDelegate.swift in Sources */,
				F42578C32738AAA600855D48 /* HomeTableViewCell.swift in Sources */,
				F48A2B72273017F10015FDDF /* LocalizableStrings.swift in Sources */,
				F48A2B3A272FBC340015FDDF /* SceneDelegate.swift in Sources */,
				F48A2B56272FC5B30015FDDF /* HomeViewController.swift in Sources */,
				F43877382734D0380071B282 /* Date+Extension.swift in Sources */,
				F48A2B64272FE0CE0015FDDF /* UIFont+Extension.swift in Sources */,
				F48A2B74273018300015FDDF /* String+Extension.swift in Sources */,
				F48A2B5D272FCCB30015FDDF /* SearchTableViewCell.swift in Sources */,
				F43877342734B5460071B282 /* DatePickerViewController.swift in Sources */,
				F487B88E2730C976004DD553 /* RealmModel.swift in Sources */,
				F48A2B802730226E0015FDDF /* SettingViewController.swift in Sources */,
				F43877222733F56A0071B282 /* DetailViewController.swift in Sources */,
			);
			runOnlyForDeploymentPostprocessing = 0;
		};
/* End PBXSourcesBuildPhase section */

/* Begin PBXVariantGroup section */
		F48A2B3D272FBC340015FDDF /* Main.storyboard */ = {
			isa = PBXVariantGroup;
			children = (
				F48A2B3E272FBC340015FDDF /* Base */,
				F48A2B67272FE3440015FDDF /* ko */,
			);
			name = Main.storyboard;
			sourceTree = "<group>";
		};
		F48A2B42272FBC360015FDDF /* LaunchScreen.storyboard */ = {
			isa = PBXVariantGroup;
			children = (
				F48A2B43272FBC360015FDDF /* Base */,
				F48A2B68272FE3440015FDDF /* ko */,
			);
			name = LaunchScreen.storyboard;
			sourceTree = "<group>";
		};
		F48A2B6D272FEB180015FDDF /* Localizable.strings */ = {
			isa = PBXVariantGroup;
			children = (
				F48A2B6C272FEB180015FDDF /* en */,
				F48A2B6E272FEB1A0015FDDF /* ko */,
			);
			name = Localizable.strings;
			sourceTree = "<group>";
		};
		F48A2B79273018EF0015FDDF /* InfoPlist.strings */ = {
			isa = PBXVariantGroup;
			children = (
				F48A2B78273018EF0015FDDF /* en */,
				F48A2B7A273018F10015FDDF /* ko */,
			);
			name = InfoPlist.strings;
			sourceTree = "<group>";
		};
/* End PBXVariantGroup section */

/* Begin XCBuildConfiguration section */
		F48A2B46272FBC360015FDDF /* Debug */ = {
			isa = XCBuildConfiguration;
			buildSettings = {
				ALWAYS_SEARCH_USER_PATHS = NO;
				CLANG_ANALYZER_LOCALIZABILITY_NONLOCALIZED = YES;
				CLANG_ANALYZER_NONNULL = YES;
				CLANG_ANALYZER_NUMBER_OBJECT_CONVERSION = YES_AGGRESSIVE;
				CLANG_CXX_LANGUAGE_STANDARD = "gnu++17";
				CLANG_CXX_LIBRARY = "libc++";
				CLANG_ENABLE_MODULES = YES;
				CLANG_ENABLE_OBJC_ARC = YES;
				CLANG_ENABLE_OBJC_WEAK = YES;
				CLANG_WARN_BLOCK_CAPTURE_AUTORELEASING = YES;
				CLANG_WARN_BOOL_CONVERSION = YES;
				CLANG_WARN_COMMA = YES;
				CLANG_WARN_CONSTANT_CONVERSION = YES;
				CLANG_WARN_DEPRECATED_OBJC_IMPLEMENTATIONS = YES;
				CLANG_WARN_DIRECT_OBJC_ISA_USAGE = YES_ERROR;
				CLANG_WARN_DOCUMENTATION_COMMENTS = YES;
				CLANG_WARN_EMPTY_BODY = YES;
				CLANG_WARN_ENUM_CONVERSION = YES;
				CLANG_WARN_INFINITE_RECURSION = YES;
				CLANG_WARN_INT_CONVERSION = YES;
				CLANG_WARN_NON_LITERAL_NULL_CONVERSION = YES;
				CLANG_WARN_OBJC_IMPLICIT_RETAIN_SELF = YES;
				CLANG_WARN_OBJC_LITERAL_CONVERSION = YES;
				CLANG_WARN_OBJC_ROOT_CLASS = YES_ERROR;
				CLANG_WARN_QUOTED_INCLUDE_IN_FRAMEWORK_HEADER = YES;
				CLANG_WARN_RANGE_LOOP_ANALYSIS = YES;
				CLANG_WARN_STRICT_PROTOTYPES = YES;
				CLANG_WARN_SUSPICIOUS_MOVE = YES;
				CLANG_WARN_UNGUARDED_AVAILABILITY = YES_AGGRESSIVE;
				CLANG_WARN_UNREACHABLE_CODE = YES;
				CLANG_WARN__DUPLICATE_METHOD_MATCH = YES;
				COPY_PHASE_STRIP = NO;
				DEBUG_INFORMATION_FORMAT = dwarf;
				ENABLE_STRICT_OBJC_MSGSEND = YES;
				ENABLE_TESTABILITY = YES;
				GCC_C_LANGUAGE_STANDARD = gnu11;
				GCC_DYNAMIC_NO_PIC = NO;
				GCC_NO_COMMON_BLOCKS = YES;
				GCC_OPTIMIZATION_LEVEL = 0;
				GCC_PREPROCESSOR_DEFINITIONS = (
					"DEBUG=1",
					"$(inherited)",
				);
				GCC_WARN_64_TO_32_BIT_CONVERSION = YES;
				GCC_WARN_ABOUT_RETURN_TYPE = YES_ERROR;
				GCC_WARN_UNDECLARED_SELECTOR = YES;
				GCC_WARN_UNINITIALIZED_AUTOS = YES_AGGRESSIVE;
				GCC_WARN_UNUSED_FUNCTION = YES;
				GCC_WARN_UNUSED_VARIABLE = YES;
				IPHONEOS_DEPLOYMENT_TARGET = 15.0;
				MTL_ENABLE_DEBUG_INFO = INCLUDE_SOURCE;
				MTL_FAST_MATH = YES;
				ONLY_ACTIVE_ARCH = YES;
				SDKROOT = iphoneos;
				SWIFT_ACTIVE_COMPILATION_CONDITIONS = DEBUG;
				SWIFT_OPTIMIZATION_LEVEL = "-Onone";
			};
			name = Debug;
		};
		F48A2B47272FBC360015FDDF /* Release */ = {
			isa = XCBuildConfiguration;
			buildSettings = {
				ALWAYS_SEARCH_USER_PATHS = NO;
				CLANG_ANALYZER_LOCALIZABILITY_NONLOCALIZED = YES;
				CLANG_ANALYZER_NONNULL = YES;
				CLANG_ANALYZER_NUMBER_OBJECT_CONVERSION = YES_AGGRESSIVE;
				CLANG_CXX_LANGUAGE_STANDARD = "gnu++17";
				CLANG_CXX_LIBRARY = "libc++";
				CLANG_ENABLE_MODULES = YES;
				CLANG_ENABLE_OBJC_ARC = YES;
				CLANG_ENABLE_OBJC_WEAK = YES;
				CLANG_WARN_BLOCK_CAPTURE_AUTORELEASING = YES;
				CLANG_WARN_BOOL_CONVERSION = YES;
				CLANG_WARN_COMMA = YES;
				CLANG_WARN_CONSTANT_CONVERSION = YES;
				CLANG_WARN_DEPRECATED_OBJC_IMPLEMENTATIONS = YES;
				CLANG_WARN_DIRECT_OBJC_ISA_USAGE = YES_ERROR;
				CLANG_WARN_DOCUMENTATION_COMMENTS = YES;
				CLANG_WARN_EMPTY_BODY = YES;
				CLANG_WARN_ENUM_CONVERSION = YES;
				CLANG_WARN_INFINITE_RECURSION = YES;
				CLANG_WARN_INT_CONVERSION = YES;
				CLANG_WARN_NON_LITERAL_NULL_CONVERSION = YES;
				CLANG_WARN_OBJC_IMPLICIT_RETAIN_SELF = YES;
				CLANG_WARN_OBJC_LITERAL_CONVERSION = YES;
				CLANG_WARN_OBJC_ROOT_CLASS = YES_ERROR;
				CLANG_WARN_QUOTED_INCLUDE_IN_FRAMEWORK_HEADER = YES;
				CLANG_WARN_RANGE_LOOP_ANALYSIS = YES;
				CLANG_WARN_STRICT_PROTOTYPES = YES;
				CLANG_WARN_SUSPICIOUS_MOVE = YES;
				CLANG_WARN_UNGUARDED_AVAILABILITY = YES_AGGRESSIVE;
				CLANG_WARN_UNREACHABLE_CODE = YES;
				CLANG_WARN__DUPLICATE_METHOD_MATCH = YES;
				COPY_PHASE_STRIP = NO;
				DEBUG_INFORMATION_FORMAT = "dwarf-with-dsym";
				ENABLE_NS_ASSERTIONS = NO;
				ENABLE_STRICT_OBJC_MSGSEND = YES;
				GCC_C_LANGUAGE_STANDARD = gnu11;
				GCC_NO_COMMON_BLOCKS = YES;
				GCC_WARN_64_TO_32_BIT_CONVERSION = YES;
				GCC_WARN_ABOUT_RETURN_TYPE = YES_ERROR;
				GCC_WARN_UNDECLARED_SELECTOR = YES;
				GCC_WARN_UNINITIALIZED_AUTOS = YES_AGGRESSIVE;
				GCC_WARN_UNUSED_FUNCTION = YES;
				GCC_WARN_UNUSED_VARIABLE = YES;
				IPHONEOS_DEPLOYMENT_TARGET = 15.0;
				MTL_ENABLE_DEBUG_INFO = NO;
				MTL_FAST_MATH = YES;
				SDKROOT = iphoneos;
				SWIFT_COMPILATION_MODE = wholemodule;
				SWIFT_OPTIMIZATION_LEVEL = "-O";
				VALIDATE_PRODUCT = YES;
			};
			name = Release;
		};
		F48A2B49272FBC360015FDDF /* Debug */ = {
			isa = XCBuildConfiguration;
			buildSettings = {
				ASSETCATALOG_COMPILER_APPICON_NAME = AppIcon;
				ASSETCATALOG_COMPILER_GLOBAL_ACCENT_COLOR_NAME = AccentColor;
				CODE_SIGN_STYLE = Automatic;
				CURRENT_PROJECT_VERSION = 1;
				DEVELOPMENT_TEAM = AT2N75TMZD;
				GENERATE_INFOPLIST_FILE = YES;
				INFOPLIST_FILE = SSAC6WeekProject/Info.plist;
				INFOPLIST_KEY_UIApplicationSupportsIndirectInputEvents = YES;
				INFOPLIST_KEY_UILaunchStoryboardName = LaunchScreen;
				INFOPLIST_KEY_UIMainStoryboardFile = Main;
				INFOPLIST_KEY_UISupportedInterfaceOrientations = UIInterfaceOrientationPortrait;
				INFOPLIST_KEY_UISupportedInterfaceOrientations_iPad = "UIInterfaceOrientationPortrait UIInterfaceOrientationPortraitUpsideDown UIInterfaceOrientationLandscapeLeft UIInterfaceOrientationLandscapeRight";
				INFOPLIST_KEY_UISupportedInterfaceOrientations_iPhone = "UIInterfaceOrientationPortrait UIInterfaceOrientationLandscapeLeft UIInterfaceOrientationLandscapeRight";
				LD_RUNPATH_SEARCH_PATHS = (
					"$(inherited)",
					"@executable_path/Frameworks",
				);
				MARKETING_VERSION = 1.0;
				PRODUCT_BUNDLE_IDENTIFIER = com.simon.SSAC6WeekProject;
				PRODUCT_NAME = "$(TARGET_NAME)";
				SWIFT_EMIT_LOC_STRINGS = YES;
				SWIFT_VERSION = 5.0;
				TARGETED_DEVICE_FAMILY = 1;
			};
			name = Debug;
		};
		F48A2B4A272FBC360015FDDF /* Release */ = {
			isa = XCBuildConfiguration;
			buildSettings = {
				ASSETCATALOG_COMPILER_APPICON_NAME = AppIcon;
				ASSETCATALOG_COMPILER_GLOBAL_ACCENT_COLOR_NAME = AccentColor;
				CODE_SIGN_STYLE = Automatic;
				CURRENT_PROJECT_VERSION = 1;
				DEVELOPMENT_TEAM = AT2N75TMZD;
				GENERATE_INFOPLIST_FILE = YES;
				INFOPLIST_FILE = SSAC6WeekProject/Info.plist;
				INFOPLIST_KEY_UIApplicationSupportsIndirectInputEvents = YES;
				INFOPLIST_KEY_UILaunchStoryboardName = LaunchScreen;
				INFOPLIST_KEY_UIMainStoryboardFile = Main;
				INFOPLIST_KEY_UISupportedInterfaceOrientations = UIInterfaceOrientationPortrait;
				INFOPLIST_KEY_UISupportedInterfaceOrientations_iPad = "UIInterfaceOrientationPortrait UIInterfaceOrientationPortraitUpsideDown UIInterfaceOrientationLandscapeLeft UIInterfaceOrientationLandscapeRight";
				INFOPLIST_KEY_UISupportedInterfaceOrientations_iPhone = "UIInterfaceOrientationPortrait UIInterfaceOrientationLandscapeLeft UIInterfaceOrientationLandscapeRight";
				LD_RUNPATH_SEARCH_PATHS = (
					"$(inherited)",
					"@executable_path/Frameworks",
				);
				MARKETING_VERSION = 1.0;
				PRODUCT_BUNDLE_IDENTIFIER = com.simon.SSAC6WeekProject;
				PRODUCT_NAME = "$(TARGET_NAME)";
				SWIFT_EMIT_LOC_STRINGS = YES;
				SWIFT_VERSION = 5.0;
				TARGETED_DEVICE_FAMILY = 1;
			};
			name = Release;
		};
/* End XCBuildConfiguration section */

/* Begin XCConfigurationList section */
		F48A2B2F272FBC340015FDDF /* Build configuration list for PBXProject "SSAC6WeekProject" */ = {
			isa = XCConfigurationList;
			buildConfigurations = (
				F48A2B46272FBC360015FDDF /* Debug */,
				F48A2B47272FBC360015FDDF /* Release */,
			);
			defaultConfigurationIsVisible = 0;
			defaultConfigurationName = Release;
		};
		F48A2B48272FBC360015FDDF /* Build configuration list for PBXNativeTarget "SSAC6WeekProject" */ = {
			isa = XCConfigurationList;
			buildConfigurations = (
				F48A2B49272FBC360015FDDF /* Debug */,
				F48A2B4A272FBC360015FDDF /* Release */,
			);
			defaultConfigurationIsVisible = 0;
			defaultConfigurationName = Release;
		};
/* End XCConfigurationList section */

/* Begin XCRemoteSwiftPackageReference section */
		F438771C27336DC40071B282 /* XCRemoteSwiftPackageReference "Zip" */ = {
			isa = XCRemoteSwiftPackageReference;
			repositoryURL = "https://github.com/marmelroy/Zip.git";
			requirement = {
				kind = upToNextMajorVersion;
				minimumVersion = 2.0.0;
			};
		};
		F43877302734ADAC0071B282 /* XCRemoteSwiftPackageReference "FSCalendar" */ = {
			isa = XCRemoteSwiftPackageReference;
			repositoryURL = "https://github.com/WenchaoD/FSCalendar.git";
			requirement = {
				kind = upToNextMajorVersion;
				minimumVersion = 2.0.0;
			};
		};
		F487B8872730C8CC004DD553 /* XCRemoteSwiftPackageReference "realm-cocoa" */ = {
			isa = XCRemoteSwiftPackageReference;
			repositoryURL = "https://github.com/realm/realm-cocoa.git";
			requirement = {
				kind = exactVersion;
				version = 10.18.0;
			};
		};
/* End XCRemoteSwiftPackageReference section */

/* Begin XCSwiftPackageProductDependency section */
		F438771D27336DC40071B282 /* Zip */ = {
			isa = XCSwiftPackageProductDependency;
			package = F438771C27336DC40071B282 /* XCRemoteSwiftPackageReference "Zip" */;
			productName = Zip;
		};
		F43877312734ADAC0071B282 /* FSCalendar */ = {
			isa = XCSwiftPackageProductDependency;
			package = F43877302734ADAC0071B282 /* XCRemoteSwiftPackageReference "FSCalendar" */;
			productName = FSCalendar;
		};
		F487B8882730C8CC004DD553 /* Realm */ = {
			isa = XCSwiftPackageProductDependency;
			package = F487B8872730C8CC004DD553 /* XCRemoteSwiftPackageReference "realm-cocoa" */;
			productName = Realm;
		};
		F487B88A2730C8CC004DD553 /* RealmSwift */ = {
			isa = XCSwiftPackageProductDependency;
			package = F487B8872730C8CC004DD553 /* XCRemoteSwiftPackageReference "realm-cocoa" */;
			productName = RealmSwift;
		};
/* End XCSwiftPackageProductDependency section */
	};
	rootObject = F48A2B2C272FBC340015FDDF /* Project object */;
}
